
Microsoft Visual Studio Solution File, Format Version 12.00
# Visual Studio 15
VisualStudioVersion = 15.0.28307.1082
MinimumVisualStudioVersion = 10.0.40219.1
Project("{FAE04EC0-301F-11D3-BF4B-00C04F79EFBC}") = "mvcBlog", "mvcBlog.csproj", "{CADE37F3-ED3F-4AAC-94DF-DA9C93E09E5F}"
EndProject
Global
	GlobalSection(SolutionConfigurationPlatforms) = preSolution
		Debug|Any CPU = Debug|Any CPU
		Release|Any CPU = Release|Any CPU
	EndGlobalSection
	GlobalSection(ProjectConfigurationPlatforms) = postSolution
		{CADE37F3-ED3F-4AAC-94DF-DA9C93E09E5F}.Debug|Any CPU.ActiveCfg = Debug|Any CPU
		{CADE37F3-ED3F-4AAC-94DF-DA9C93E09E5F}.Debug|Any CPU.Build.0 = Debug|Any CPU
		{CADE37F3-ED3F-4AAC-94DF-DA9C93E09E5F}.Release|Any CPU.ActiveCfg = Release|Any CPU
		{CADE37F3-ED3F-4AAC-94DF-DA9C93E09E5F}.Release|Any CPU.Build.0 = Release|Any CPU
	EndGlobalSection
	GlobalSection(SolutionProperties) = preSolution
		HideSolutionNode = FALSE
	EndGlobalSection
	GlobalSection(ExtensibilityGlobals) = postSolution
		SolutionGuid = {A6302FB4-1B08-4D08-8209-77795D107D24}
	EndGlobalSection
EndGlobal
